// !$*UTF8*$!
{
	archiveVersion = 1;
	classes = {
	};
	objectVersion = 46;
	objects = {

/* Begin PBXAggregateTarget section */
		0BD6E5A6C14D42B09FB39AC6 /* ALL_BUILD */ = {
			isa = PBXAggregateTarget;
			buildConfigurationList = 8DC6CD00A0904EBBAE98D4B0 /* Build configuration list for PBXAggregateTarget "ALL_BUILD" */;
			buildPhases = (
				B1FF66CD21264564B2105834 /* CMake Rules */,
			);
			dependencies = (
				190A91CF24F84FA2AFE50747 /* PBXTargetDependency */,
				8C3869F201A64650A9F9C066 /* PBXTargetDependency */,
			);
			name = ALL_BUILD;
			productName = ALL_BUILD;
		};
		26FDA62733AB4DB7A28845C0 /* ZERO_CHECK */ = {
			isa = PBXAggregateTarget;
			buildConfigurationList = 516E10B3C54845A8AC6F050D /* Build configuration list for PBXAggregateTarget "ZERO_CHECK" */;
			buildPhases = (
				FD7FD2FA8AD4409D89089367 /* CMake Rules */,
			);
			dependencies = (
			);
			name = ZERO_CHECK;
			productName = ZERO_CHECK;
		};
/* End PBXAggregateTarget section */

/* Begin PBXBuildFile section */
		178D0B89EE4D428AAFBF212B /* main.cpp in Sources */ = {isa = PBXBuildFile; fileRef = 17ECDDF49E61409CB0B3672A /* main.cpp */; };
		6240345E3B0246868E90CA98 /* FusionEKF.cpp in Sources */ = {isa = PBXBuildFile; fileRef = 8445AB4873C24F69A76869A1 /* FusionEKF.cpp */; };
		B5E679194BB54456B05FEDEC /* tools.cpp in Sources */ = {isa = PBXBuildFile; fileRef = 3307F11FA4E0431CACAA8661 /* tools.cpp */; };
		E0E9122D91B04B2B9A4CC3A5 /* kalman_filter.cpp in Sources */ = {isa = PBXBuildFile; fileRef = AA56BE74758D453A8EDB22A4 /* kalman_filter.cpp */; };
/* End PBXBuildFile section */

/* Begin PBXContainerItemProxy section */
		177872E3BFEA49AEB040E58B /* PBXContainerItemProxy */ = {
			isa = PBXContainerItemProxy;
			containerPortal = 9FEC4913B5B54103AF57D529 /* Project object */;
			proxyType = 1;
			remoteGlobalIDString = 26FDA62733AB4DB7A28845C0;
			remoteInfo = ZERO_CHECK;
		};
		D48E5226EF1D4F55823BD39E /* PBXContainerItemProxy */ = {
			isa = PBXContainerItemProxy;
			containerPortal = 9FEC4913B5B54103AF57D529 /* Project object */;
			proxyType = 1;
			remoteGlobalIDString = 643062F649D64C79A38739DF;
			remoteInfo = ExtendedKF;
		};
		E564591764424962B808A739 /* PBXContainerItemProxy */ = {
			isa = PBXContainerItemProxy;
			containerPortal = 9FEC4913B5B54103AF57D529 /* Project object */;
			proxyType = 1;
			remoteGlobalIDString = 26FDA62733AB4DB7A28845C0;
			remoteInfo = ZERO_CHECK;
		};
/* End PBXContainerItemProxy section */

/* Begin PBXFileReference section */
		0A1AAF93681A490BBB728441 /* CMakeLists.txt */ = {isa = PBXFileReference; explicitFileType = sourcecode.text; fileEncoding = 4; lastKnownFileType = text; path = CMakeLists.txt; sourceTree = SOURCE_ROOT; };
		17ECDDF49E61409CB0B3672A /* main.cpp */ = {isa = PBXFileReference; explicitFileType = sourcecode.cpp.cpp; fileEncoding = 4; name = main.cpp; path = src/main.cpp; sourceTree = SOURCE_ROOT; };
		1A178709A2BD4EC0A178A0CE /* tools.h */ = {isa = PBXFileReference; explicitFileType = sourcecode.c.h; fileEncoding = 4; name = tools.h; path = src/tools.h; sourceTree = SOURCE_ROOT; };
		3307F11FA4E0431CACAA8661 /* tools.cpp */ = {isa = PBXFileReference; explicitFileType = sourcecode.cpp.cpp; fileEncoding = 4; name = tools.cpp; path = src/tools.cpp; sourceTree = SOURCE_ROOT; };
		335B04E315E44A3E97424E56 /* kalman_filter.h */ = {isa = PBXFileReference; explicitFileType = sourcecode.c.h; fileEncoding = 4; name = kalman_filter.h; path = src/kalman_filter.h; sourceTree = SOURCE_ROOT; };
		3FCF57F9E3FA482FBF9D6601 /* ExtendedKF */ = {isa = PBXFileReference; explicitFileType = "compiled.mach-o.executable"; path = ExtendedKF; sourceTree = BUILT_PRODUCTS_DIR; };
		60306292C5F9478D92E8CE4B /* FusionEKF.h */ = {isa = PBXFileReference; explicitFileType = sourcecode.c.h; fileEncoding = 4; name = FusionEKF.h; path = src/FusionEKF.h; sourceTree = SOURCE_ROOT; };
		8445AB4873C24F69A76869A1 /* FusionEKF.cpp */ = {isa = PBXFileReference; explicitFileType = sourcecode.cpp.cpp; fileEncoding = 4; name = FusionEKF.cpp; path = src/FusionEKF.cpp; sourceTree = SOURCE_ROOT; };
		AA56BE74758D453A8EDB22A4 /* kalman_filter.cpp */ = {isa = PBXFileReference; explicitFileType = sourcecode.cpp.cpp; fileEncoding = 4; name = kalman_filter.cpp; path = src/kalman_filter.cpp; sourceTree = SOURCE_ROOT; };
		B8C1F45EF5BE46F98815D361 /* CMakeLists.txt */ = {isa = PBXFileReference; explicitFileType = sourcecode.text; fileEncoding = 4; lastKnownFileType = text; path = CMakeLists.txt; sourceTree = SOURCE_ROOT; };
		ED4D133E21BA3A19005618C5 /* measurement_package.h */ = {isa = PBXFileReference; fileEncoding = 4; lastKnownFileType = sourcecode.c.h; name = measurement_package.h; path = src/measurement_package.h; sourceTree = "<group>"; };
		ED4D133F21BA3A2D005618C5 /* json.hpp */ = {isa = PBXFileReference; fileEncoding = 4; lastKnownFileType = sourcecode.cpp.h; name = json.hpp; path = src/json.hpp; sourceTree = "<group>"; };
		ED4D134021BA3A2D005618C5 /* Eigen */ = {isa = PBXFileReference; lastKnownFileType = folder; name = Eigen; path = src/Eigen; sourceTree = "<group>"; };
		ED4D134121BB63FA005618C5 /* data */ = {isa = PBXFileReference; lastKnownFileType = folder; path = data; sourceTree = "<group>"; };
/* End PBXFileReference section */

/* Begin PBXGroup section */
		08060A3449004A78A54F9750 /* Source Files */ = {
			isa = PBXGroup;
			children = (
				8445AB4873C24F69A76869A1 /* FusionEKF.cpp */,
				AA56BE74758D453A8EDB22A4 /* kalman_filter.cpp */,
				17ECDDF49E61409CB0B3672A /* main.cpp */,
				ED4D134121BB63FA005618C5 /* data */,
				3307F11FA4E0431CACAA8661 /* tools.cpp */,
			);
			name = "Source Files";
			sourceTree = "<group>";
		};
		3AFC694D0298492A94793A1D /* ALL_BUILD */ = {
			isa = PBXGroup;
			children = (
				97602EEF8CB345698F97BEDB /* CMake Rules */,
				B8C1F45EF5BE46F98815D361 /* CMakeLists.txt */,
			);
			name = ALL_BUILD;
			sourceTree = "<group>";
		};
		7209DA3B38FF445B8C765B18 /* ExtendedKF */ = {
			isa = PBXGroup;
			children = (
				08060A3449004A78A54F9750 /* Source Files */,
				EF38F6D9883D4F0CAFDFB73B /* Header Files */,
				0A1AAF93681A490BBB728441 /* CMakeLists.txt */,
			);
			name = ExtendedKF;
			sourceTree = "<group>";
		};
		97602EEF8CB345698F97BEDB /* CMake Rules */ = {
			isa = PBXGroup;
			children = (
			);
			name = "CMake Rules";
			sourceTree = "<group>";
		};
		A4C2330EAEF54777868AB660 /* Products */ = {
			isa = PBXGroup;
			children = (
				3FCF57F9E3FA482FBF9D6601 /* ExtendedKF */,
			);
			name = Products;
			sourceTree = "<group>";
		};
		E4FC343B23DA45C487A3B105 = {
			isa = PBXGroup;
			children = (
				7209DA3B38FF445B8C765B18 /* ExtendedKF */,
				3AFC694D0298492A94793A1D /* ALL_BUILD */,
				A4C2330EAEF54777868AB660 /* Products */,
			);
			sourceTree = "<group>";
		};
		EF38F6D9883D4F0CAFDFB73B /* Header Files */ = {
			isa = PBXGroup;
			children = (
				ED4D134021BA3A2D005618C5 /* Eigen */,
				ED4D133F21BA3A2D005618C5 /* json.hpp */,
				ED4D133E21BA3A19005618C5 /* measurement_package.h */,
				60306292C5F9478D92E8CE4B /* FusionEKF.h */,
				335B04E315E44A3E97424E56 /* kalman_filter.h */,
				1A178709A2BD4EC0A178A0CE /* tools.h */,
			);
			name = "Header Files";
			sourceTree = "<group>";
		};
/* End PBXGroup section */

/* Begin PBXNativeTarget section */
		643062F649D64C79A38739DF /* ExtendedKF */ = {
			isa = PBXNativeTarget;
			buildConfigurationList = 05AA95D75988416FA250E0FB /* Build configuration list for PBXNativeTarget "ExtendedKF" */;
			buildPhases = (
				DE44E2F0C71D4EA7A7AFF132 /* Sources */,
			);
			buildRules = (
			);
			dependencies = (
				2DC9E6086DD1420BBE5AB835 /* PBXTargetDependency */,
			);
			name = ExtendedKF;
			productName = ExtendedKF;
			productReference = 3FCF57F9E3FA482FBF9D6601 /* ExtendedKF */;
			productType = "com.apple.product-type.tool";
		};
/* End PBXNativeTarget section */

/* Begin PBXProject section */
		9FEC4913B5B54103AF57D529 /* Project object */ = {
			isa = PBXProject;
			attributes = {
				BuildIndependentTargetsInParallel = YES;
				LastUpgradeCheck = 1010;
			};
			buildConfigurationList = BFE5D06A94DA4265ACE89E04 /* Build configuration list for PBXProject "ExtendedKF" */;
			compatibilityVersion = "Xcode 3.2";
			developmentRegion = en;
			hasScannedForEncodings = 0;
			knownRegions = (
				en,
			);
			mainGroup = E4FC343B23DA45C487A3B105;
			projectDirPath = ../../;
			projectRoot = "";
			targets = (
				0BD6E5A6C14D42B09FB39AC6 /* ALL_BUILD */,
				643062F649D64C79A38739DF /* ExtendedKF */,
				26FDA62733AB4DB7A28845C0 /* ZERO_CHECK */,
			);
		};
/* End PBXProject section */

/* Begin PBXShellScriptBuildPhase section */
		B1FF66CD21264564B2105834 /* CMake Rules */ = {
			isa = PBXShellScriptBuildPhase;
			buildActionMask = 2147483647;
			files = (
			);
			name = "CMake Rules";
			runOnlyForDeploymentPostprocessing = 0;
			shellPath = /bin/sh;
			shellScript = "make -C /Users/shankschen/Documents/PythonProject/First-Term-Self-Driving-Car/P5-Extended-Kalman-Filters-Project/CarND-Extended-Kalman-Filter-Project/ide_profiles/xcode -f /Users/shankschen/Documents/PythonProject/First-Term-Self-Driving-Car/P5-Extended-Kalman-Filters-Project/CarND-Extended-Kalman-Filter-Project/ide_profiles/xcode/CMakeScripts/ALL_BUILD_cmakeRulesBuildPhase.make$CONFIGURATION all";
			showEnvVarsInLog = 0;
		};
		FD7FD2FA8AD4409D89089367 /* CMake Rules */ = {
			isa = PBXShellScriptBuildPhase;
			buildActionMask = 2147483647;
			files = (
			);
			name = "CMake Rules";
			runOnlyForDeploymentPostprocessing = 0;
			shellPath = /bin/sh;
			shellScript = "make -C /Users/shankschen/Documents/PythonProject/First-Term-Self-Driving-Car/P5-Extended-Kalman-Filters-Project/CarND-Extended-Kalman-Filter-Project/ide_profiles/xcode -f /Users/shankschen/Documents/PythonProject/First-Term-Self-Driving-Car/P5-Extended-Kalman-Filters-Project/CarND-Extended-Kalman-Filter-Project/ide_profiles/xcode/CMakeScripts/ZERO_CHECK_cmakeRulesBuildPhase.make$CONFIGURATION all";
			showEnvVarsInLog = 0;
		};
/* End PBXShellScriptBuildPhase section */

/* Begin PBXSourcesBuildPhase section */
		DE44E2F0C71D4EA7A7AFF132 /* Sources */ = {
			isa = PBXSourcesBuildPhase;
			buildActionMask = 2147483647;
			files = (
				6240345E3B0246868E90CA98 /* FusionEKF.cpp in Sources */,
				E0E9122D91B04B2B9A4CC3A5 /* kalman_filter.cpp in Sources */,
				178D0B89EE4D428AAFBF212B /* main.cpp in Sources */,
				B5E679194BB54456B05FEDEC /* tools.cpp in Sources */,
			);
			runOnlyForDeploymentPostprocessing = 0;
		};
/* End PBXSourcesBuildPhase section */

/* Begin PBXTargetDependency section */
		190A91CF24F84FA2AFE50747 /* PBXTargetDependency */ = {
			isa = PBXTargetDependency;
			target = 26FDA62733AB4DB7A28845C0 /* ZERO_CHECK */;
			targetProxy = 177872E3BFEA49AEB040E58B /* PBXContainerItemProxy */;
		};
		2DC9E6086DD1420BBE5AB835 /* PBXTargetDependency */ = {
			isa = PBXTargetDependency;
			target = 26FDA62733AB4DB7A28845C0 /* ZERO_CHECK */;
			targetProxy = E564591764424962B808A739 /* PBXContainerItemProxy */;
		};
		8C3869F201A64650A9F9C066 /* PBXTargetDependency */ = {
			isa = PBXTargetDependency;
			target = 643062F649D64C79A38739DF /* ExtendedKF */;
			targetProxy = D48E5226EF1D4F55823BD39E /* PBXContainerItemProxy */;
		};
/* End PBXTargetDependency section */

/* Begin XCBuildConfiguration section */
		000830BFC38A45B7B1609504 /* Debug */ = {
			isa = XCBuildConfiguration;
			buildSettings = {
				COMBINE_HIDPI_IMAGES = YES;
				GCC_GENERATE_DEBUGGING_SYMBOLS = YES;
				GCC_INLINES_ARE_PRIVATE_EXTERN = NO;
				GCC_OPTIMIZATION_LEVEL = 0;
				GCC_PREPROCESSOR_DEFINITIONS = "'CMAKE_INTDIR=\"$(CONFIGURATION)$(EFFECTIVE_PLATFORM_NAME)\"'";
				GCC_SYMBOLS_PRIVATE_EXTERN = NO;
				INSTALL_PATH = "";
				OTHER_LDFLAGS = " ";
				OTHER_REZFLAGS = "";
				PRODUCT_NAME = ZERO_CHECK;
				SECTORDER_FLAGS = "";
				SYMROOT = "/Users/shankschen/Documents/PythonProject/First-Term-Self-Driving-Car/P5-Extended-Kalman-Filters-Project/CarND-Extended-Kalman-Filter-Project/ide_profiles/xcode";
				USE_HEADERMAP = NO;
				WARNING_CFLAGS = (
					"-Wmost",
					"-Wno-four-char-constants",
					"-Wno-unknown-pragmas",
					"$(inherited)",
				);
			};
			name = Debug;
		};
		04AE8BE44B3B4BFF909DCDA6 /* Debug */ = {
			isa = XCBuildConfiguration;
			buildSettings = {
				ONLY_ACTIVE_ARCH = YES;
				SDKROOT = /Library/Developer/CommandLineTools/SDKs/MacOSX10.14.sdk;
				SYMROOT = "/Users/shankschen/Documents/PythonProject/First-Term-Self-Driving-Car/P5-Extended-Kalman-Filters-Project/CarND-Extended-Kalman-Filter-Project/ide_profiles/xcode/build";
			};
			name = Debug;
		};
		11EAF749FC1F440A880F73C3 /* Debug */ = {
			isa = XCBuildConfiguration;
			buildSettings = {
				COMBINE_HIDPI_IMAGES = YES;
				GCC_GENERATE_DEBUGGING_SYMBOLS = YES;
				GCC_INLINES_ARE_PRIVATE_EXTERN = NO;
				GCC_OPTIMIZATION_LEVEL = 0;
				GCC_PREPROCESSOR_DEFINITIONS = "'CMAKE_INTDIR=\"$(CONFIGURATION)$(EFFECTIVE_PLATFORM_NAME)\"'";
				GCC_SYMBOLS_PRIVATE_EXTERN = NO;
				INSTALL_PATH = "";
				OTHER_LDFLAGS = " ";
				OTHER_REZFLAGS = "";
				PRODUCT_NAME = ALL_BUILD;
				SECTORDER_FLAGS = "";
				SYMROOT = "/Users/shankschen/Documents/PythonProject/First-Term-Self-Driving-Car/P5-Extended-Kalman-Filters-Project/CarND-Extended-Kalman-Filter-Project/ide_profiles/xcode";
				USE_HEADERMAP = NO;
				WARNING_CFLAGS = (
					"-Wmost",
					"-Wno-four-char-constants",
					"-Wno-unknown-pragmas",
					"$(inherited)",
				);
			};
			name = Debug;
		};
		438794AE055E4B4BBC6AB451 /* Debug */ = {
			isa = XCBuildConfiguration;
			buildSettings = {
				COMBINE_HIDPI_IMAGES = YES;
				EXECUTABLE_PREFIX = "";
				EXECUTABLE_SUFFIX = "";
				GCC_GENERATE_DEBUGGING_SYMBOLS = NO;
				GCC_INLINES_ARE_PRIVATE_EXTERN = NO;
				GCC_OPTIMIZATION_LEVEL = 0;
				GCC_PREPROCESSOR_DEFINITIONS = "'CMAKE_INTDIR=\"$(CONFIGURATION)$(EFFECTIVE_PLATFORM_NAME)\"'";
				GCC_SYMBOLS_PRIVATE_EXTERN = NO;
				HEADER_SEARCH_PATHS = (
					/usr/local/include,
					/usr/local/opt/openssl/include,
				);
				INSTALL_PATH = "";
				LD_RUNPATH_SEARCH_PATHS = "/usr/local/lib /usr/local/Cellar/libuv/1*/lib";
				LIBRARY_SEARCH_PATHS = (
					"/usr/local/lib/$(CONFIGURATION)$(EFFECTIVE_PLATFORM_NAME)",
					/usr/local/lib,
					"/usr/local/Cellar/libuv/1*/lib/$(CONFIGURATION)$(EFFECTIVE_PLATFORM_NAME)",
					"/usr/local/Cellar/libuv/1*/lib",
				);
				OTHER_CPLUSPLUSFLAGS = (
					"-Wall",
					"-std=c++11",
				);
				OTHER_LDFLAGS = (
					"-L/usr/local/opt/openssl/lib",
					"-Wl,-search_paths_first",
					"-Wl,-headerpad_max_install_names",
					"-lz",
					"-lssl",
					"-luv",
					"-luWS",
				);
				OTHER_REZFLAGS = "";
				PRODUCT_NAME = ExtendedKF;
				SECTORDER_FLAGS = "";
				SYMROOT = "/Users/shankschen/Documents/PythonProject/First-Term-Self-Driving-Car/P5-Extended-Kalman-Filters-Project/CarND-Extended-Kalman-Filter-Project/ide_profiles/xcode";
				USE_HEADERMAP = NO;
				WARNING_CFLAGS = (
					"-Wmost",
					"-Wno-four-char-constants",
					"-Wno-unknown-pragmas",
					"$(inherited)",
				);
			};
			name = Debug;
		};
		513E8584B8B1403386969BBE /* MinSizeRel */ = {
			isa = XCBuildConfiguration;
			buildSettings = {
				COMBINE_HIDPI_IMAGES = YES;
				GCC_GENERATE_DEBUGGING_SYMBOLS = YES;
				GCC_INLINES_ARE_PRIVATE_EXTERN = NO;
				GCC_OPTIMIZATION_LEVEL = 0;
				GCC_PREPROCESSOR_DEFINITIONS = "'CMAKE_INTDIR=\"$(CONFIGURATION)$(EFFECTIVE_PLATFORM_NAME)\"'";
				GCC_SYMBOLS_PRIVATE_EXTERN = NO;
				INSTALL_PATH = "";
				OTHER_LDFLAGS = " ";
				OTHER_REZFLAGS = "";
				PRODUCT_NAME = ALL_BUILD;
				SECTORDER_FLAGS = "";
				SYMROOT = "/Users/shankschen/Documents/PythonProject/First-Term-Self-Driving-Car/P5-Extended-Kalman-Filters-Project/CarND-Extended-Kalman-Filter-Project/ide_profiles/xcode";
				USE_HEADERMAP = NO;
				WARNING_CFLAGS = (
					"-Wmost",
					"-Wno-four-char-constants",
					"-Wno-unknown-pragmas",
					"$(inherited)",
				);
			};
			name = MinSizeRel;
		};
		7B027C35561740FEB2F5D973 /* Release */ = {
			isa = XCBuildConfiguration;
			buildSettings = {
				ONLY_ACTIVE_ARCH = YES;
				SDKROOT = /Library/Developer/CommandLineTools/SDKs/MacOSX10.14.sdk;
				SYMROOT = "/Users/shankschen/Documents/PythonProject/First-Term-Self-Driving-Car/P5-Extended-Kalman-Filters-Project/CarND-Extended-Kalman-Filter-Project/ide_profiles/xcode/build";
			};
			name = Release;
		};
		7F5C015A1D1C473F8FCEDD05 /* RelWithDebInfo */ = {
			isa = XCBuildConfiguration;
			buildSettings = {
				COMBINE_HIDPI_IMAGES = YES;
				GCC_GENERATE_DEBUGGING_SYMBOLS = YES;
				GCC_INLINES_ARE_PRIVATE_EXTERN = NO;
				GCC_OPTIMIZATION_LEVEL = 0;
				GCC_PREPROCESSOR_DEFINITIONS = "'CMAKE_INTDIR=\"$(CONFIGURATION)$(EFFECTIVE_PLATFORM_NAME)\"'";
				GCC_SYMBOLS_PRIVATE_EXTERN = NO;
				INSTALL_PATH = "";
				OTHER_LDFLAGS = " ";
				OTHER_REZFLAGS = "";
				PRODUCT_NAME = ZERO_CHECK;
				SECTORDER_FLAGS = "";
				SYMROOT = "/Users/shankschen/Documents/PythonProject/First-Term-Self-Driving-Car/P5-Extended-Kalman-Filters-Project/CarND-Extended-Kalman-Filter-Project/ide_profiles/xcode";
				USE_HEADERMAP = NO;
				WARNING_CFLAGS = (
					"-Wmost",
					"-Wno-four-char-constants",
					"-Wno-unknown-pragmas",
					"$(inherited)",
				);
			};
			name = RelWithDebInfo;
		};
		885D04D4000C4FF2BE0F21F2 /* Release */ = {
			isa = XCBuildConfiguration;
			buildSettings = {
				COMBINE_HIDPI_IMAGES = YES;
				GCC_GENERATE_DEBUGGING_SYMBOLS = YES;
				GCC_INLINES_ARE_PRIVATE_EXTERN = NO;
				GCC_OPTIMIZATION_LEVEL = 0;
				GCC_PREPROCESSOR_DEFINITIONS = "'CMAKE_INTDIR=\"$(CONFIGURATION)$(EFFECTIVE_PLATFORM_NAME)\"'";
				GCC_SYMBOLS_PRIVATE_EXTERN = NO;
				INSTALL_PATH = "";
				OTHER_LDFLAGS = " ";
				OTHER_REZFLAGS = "";
				PRODUCT_NAME = ZERO_CHECK;
				SECTORDER_FLAGS = "";
				SYMROOT = "/Users/shankschen/Documents/PythonProject/First-Term-Self-Driving-Car/P5-Extended-Kalman-Filters-Project/CarND-Extended-Kalman-Filter-Project/ide_profiles/xcode";
				USE_HEADERMAP = NO;
				WARNING_CFLAGS = (
					"-Wmost",
					"-Wno-four-char-constants",
					"-Wno-unknown-pragmas",
					"$(inherited)",
				);
			};
			name = Release;
		};
		AD344AF7191845DC9D009E35 /* RelWithDebInfo */ = {
			isa = XCBuildConfiguration;
			buildSettings = {
				ONLY_ACTIVE_ARCH = YES;
				SDKROOT = /Library/Developer/CommandLineTools/SDKs/MacOSX10.14.sdk;
				SYMROOT = "/Users/shankschen/Documents/PythonProject/First-Term-Self-Driving-Car/P5-Extended-Kalman-Filters-Project/CarND-Extended-Kalman-Filter-Project/ide_profiles/xcode/build";
			};
			name = RelWithDebInfo;
		};
		AF2B2B7ADFD14ABC87C5F2E2 /* MinSizeRel */ = {
			isa = XCBuildConfiguration;
			buildSettings = {
				COMBINE_HIDPI_IMAGES = YES;
				EXECUTABLE_PREFIX = "";
				EXECUTABLE_SUFFIX = "";
				GCC_GENERATE_DEBUGGING_SYMBOLS = NO;
				GCC_INLINES_ARE_PRIVATE_EXTERN = NO;
				GCC_OPTIMIZATION_LEVEL = 0;
				GCC_PREPROCESSOR_DEFINITIONS = "'CMAKE_INTDIR=\"$(CONFIGURATION)$(EFFECTIVE_PLATFORM_NAME)\"'";
				GCC_SYMBOLS_PRIVATE_EXTERN = NO;
				HEADER_SEARCH_PATHS = (
					/usr/local/include,
					/usr/local/opt/openssl/include,
				);
				INSTALL_PATH = "";
				LD_RUNPATH_SEARCH_PATHS = "/usr/local/lib /usr/local/Cellar/libuv/1*/lib";
				LIBRARY_SEARCH_PATHS = (
					"/usr/local/lib/$(CONFIGURATION)$(EFFECTIVE_PLATFORM_NAME)",
					/usr/local/lib,
					"/usr/local/Cellar/libuv/1*/lib/$(CONFIGURATION)$(EFFECTIVE_PLATFORM_NAME)",
					"/usr/local/Cellar/libuv/1*/lib",
				);
				OTHER_CPLUSPLUSFLAGS = (
					"-Wall",
					"-std=c++11",
				);
				OTHER_LDFLAGS = (
					"-L/usr/local/opt/openssl/lib",
					"-Wl,-search_paths_first",
					"-Wl,-headerpad_max_install_names",
					"-lz",
					"-lssl",
					"-luv",
					"-luWS",
				);
				OTHER_REZFLAGS = "";
				PRODUCT_NAME = ExtendedKF;
				SECTORDER_FLAGS = "";
				SYMROOT = "/Users/shankschen/Documents/PythonProject/First-Term-Self-Driving-Car/P5-Extended-Kalman-Filters-Project/CarND-Extended-Kalman-Filter-Project/ide_profiles/xcode";
				USE_HEADERMAP = NO;
				WARNING_CFLAGS = (
					"-Wmost",
					"-Wno-four-char-constants",
					"-Wno-unknown-pragmas",
					"$(inherited)",
				);
			};
			name = MinSizeRel;
		};
		B813469EF29F4BF79BE11424 /* Release */ = {
			isa = XCBuildConfiguration;
			buildSettings = {
				COMBINE_HIDPI_IMAGES = YES;
				EXECUTABLE_PREFIX = "";
				EXECUTABLE_SUFFIX = "";
				GCC_GENERATE_DEBUGGING_SYMBOLS = NO;
				GCC_INLINES_ARE_PRIVATE_EXTERN = NO;
				GCC_OPTIMIZATION_LEVEL = 0;
				GCC_PREPROCESSOR_DEFINITIONS = "'CMAKE_INTDIR=\"$(CONFIGURATION)$(EFFECTIVE_PLATFORM_NAME)\"'";
				GCC_SYMBOLS_PRIVATE_EXTERN = NO;
				HEADER_SEARCH_PATHS = (
					/usr/local/include,
					/usr/local/opt/openssl/include,
				);
				INSTALL_PATH = "";
				LD_RUNPATH_SEARCH_PATHS = "/usr/local/lib /usr/local/Cellar/libuv/1*/lib";
				LIBRARY_SEARCH_PATHS = (
					"/usr/local/lib/$(CONFIGURATION)$(EFFECTIVE_PLATFORM_NAME)",
					/usr/local/lib,
					"/usr/local/Cellar/libuv/1*/lib/$(CONFIGURATION)$(EFFECTIVE_PLATFORM_NAME)",
					"/usr/local/Cellar/libuv/1*/lib",
				);
				OTHER_CPLUSPLUSFLAGS = (
					"-Wall",
					"-std=c++11",
				);
				OTHER_LDFLAGS = (
					"-L/usr/local/opt/openssl/lib",
					"-Wl,-search_paths_first",
					"-Wl,-headerpad_max_install_names",
					"-lz",
					"-lssl",
					"-luv",
					"-luWS",
				);
				OTHER_REZFLAGS = "";
				PRODUCT_NAME = ExtendedKF;
				SECTORDER_FLAGS = "";
				SYMROOT = "/Users/shankschen/Documents/PythonProject/First-Term-Self-Driving-Car/P5-Extended-Kalman-Filters-Project/CarND-Extended-Kalman-Filter-Project/ide_profiles/xcode";
				USE_HEADERMAP = NO;
				WARNING_CFLAGS = (
					"-Wmost",
					"-Wno-four-char-constants",
					"-Wno-unknown-pragmas",
					"$(inherited)",
				);
			};
			name = Release;
		};
		DAD203D07E574E0A9668698B /* MinSizeRel */ = {
			isa = XCBuildConfiguration;
			buildSettings = {
				COMBINE_HIDPI_IMAGES = YES;
				GCC_GENERATE_DEBUGGING_SYMBOLS = YES;
				GCC_INLINES_ARE_PRIVATE_EXTERN = NO;
				GCC_OPTIMIZATION_LEVEL = 0;
				GCC_PREPROCESSOR_DEFINITIONS = "'CMAKE_INTDIR=\"$(CONFIGURATION)$(EFFECTIVE_PLATFORM_NAME)\"'";
				GCC_SYMBOLS_PRIVATE_EXTERN = NO;
				INSTALL_PATH = "";
				OTHER_LDFLAGS = " ";
				OTHER_REZFLAGS = "";
				PRODUCT_NAME = ZERO_CHECK;
				SECTORDER_FLAGS = "";
				SYMROOT = "/Users/shankschen/Documents/PythonProject/First-Term-Self-Driving-Car/P5-Extended-Kalman-Filters-Project/CarND-Extended-Kalman-Filter-Project/ide_profiles/xcode";
				USE_HEADERMAP = NO;
				WARNING_CFLAGS = (
					"-Wmost",
					"-Wno-four-char-constants",
					"-Wno-unknown-pragmas",
					"$(inherited)",
				);
			};
			name = MinSizeRel;
		};
		E3148010AF014B01A6969DAD /* Release */ = {
			isa = XCBuildConfiguration;
			buildSettings = {
				COMBINE_HIDPI_IMAGES = YES;
				GCC_GENERATE_DEBUGGING_SYMBOLS = YES;
				GCC_INLINES_ARE_PRIVATE_EXTERN = NO;
				GCC_OPTIMIZATION_LEVEL = 0;
				GCC_PREPROCESSOR_DEFINITIONS = "'CMAKE_INTDIR=\"$(CONFIGURATION)$(EFFECTIVE_PLATFORM_NAME)\"'";
				GCC_SYMBOLS_PRIVATE_EXTERN = NO;
				INSTALL_PATH = "";
				OTHER_LDFLAGS = " ";
				OTHER_REZFLAGS = "";
				PRODUCT_NAME = ALL_BUILD;
				SECTORDER_FLAGS = "";
				SYMROOT = "/Users/shankschen/Documents/PythonProject/First-Term-Self-Driving-Car/P5-Extended-Kalman-Filters-Project/CarND-Extended-Kalman-Filter-Project/ide_profiles/xcode";
				USE_HEADERMAP = NO;
				WARNING_CFLAGS = (
					"-Wmost",
					"-Wno-four-char-constants",
					"-Wno-unknown-pragmas",
					"$(inherited)",
				);
			};
			name = Release;
		};
		E8EB03642DAE42FCAC81BFDF /* RelWithDebInfo */ = {
			isa = XCBuildConfiguration;
			buildSettings = {
				COMBINE_HIDPI_IMAGES = YES;
				GCC_GENERATE_DEBUGGING_SYMBOLS = YES;
				GCC_INLINES_ARE_PRIVATE_EXTERN = NO;
				GCC_OPTIMIZATION_LEVEL = 0;
				GCC_PREPROCESSOR_DEFINITIONS = "'CMAKE_INTDIR=\"$(CONFIGURATION)$(EFFECTIVE_PLATFORM_NAME)\"'";
				GCC_SYMBOLS_PRIVATE_EXTERN = NO;
				INSTALL_PATH = "";
				OTHER_LDFLAGS = " ";
				OTHER_REZFLAGS = "";
				PRODUCT_NAME = ALL_BUILD;
				SECTORDER_FLAGS = "";
				SYMROOT = "/Users/shankschen/Documents/PythonProject/First-Term-Self-Driving-Car/P5-Extended-Kalman-Filters-Project/CarND-Extended-Kalman-Filter-Project/ide_profiles/xcode";
				USE_HEADERMAP = NO;
				WARNING_CFLAGS = (
					"-Wmost",
					"-Wno-four-char-constants",
					"-Wno-unknown-pragmas",
					"$(inherited)",
				);
			};
			name = RelWithDebInfo;
		};
		F2F28B8D716F4C129DC0AC43 /* MinSizeRel */ = {
			isa = XCBuildConfiguration;
			buildSettings = {
				ONLY_ACTIVE_ARCH = YES;
				SDKROOT = /Library/Developer/CommandLineTools/SDKs/MacOSX10.14.sdk;
				SYMROOT = "/Users/shankschen/Documents/PythonProject/First-Term-Self-Driving-Car/P5-Extended-Kalman-Filters-Project/CarND-Extended-Kalman-Filter-Project/ide_profiles/xcode/build";
			};
			name = MinSizeRel;
		};
		FE444D6A521E4E6DBC1758CB /* RelWithDebInfo */ = {
			isa = XCBuildConfiguration;
			buildSettings = {
				COMBINE_HIDPI_IMAGES = YES;
				EXECUTABLE_PREFIX = "";
				EXECUTABLE_SUFFIX = "";
				GCC_GENERATE_DEBUGGING_SYMBOLS = NO;
				GCC_INLINES_ARE_PRIVATE_EXTERN = NO;
				GCC_OPTIMIZATION_LEVEL = 0;
				GCC_PREPROCESSOR_DEFINITIONS = "'CMAKE_INTDIR=\"$(CONFIGURATION)$(EFFECTIVE_PLATFORM_NAME)\"'";
				GCC_SYMBOLS_PRIVATE_EXTERN = NO;
				HEADER_SEARCH_PATHS = (
					/usr/local/include,
					/usr/local/opt/openssl/include,
				);
				INSTALL_PATH = "";
				LD_RUNPATH_SEARCH_PATHS = "/usr/local/lib /usr/local/Cellar/libuv/1*/lib";
				LIBRARY_SEARCH_PATHS = (
					"/usr/local/lib/$(CONFIGURATION)$(EFFECTIVE_PLATFORM_NAME)",
					/usr/local/lib,
					"/usr/local/Cellar/libuv/1*/lib/$(CONFIGURATION)$(EFFECTIVE_PLATFORM_NAME)",
					"/usr/local/Cellar/libuv/1*/lib",
				);
				OTHER_CPLUSPLUSFLAGS = (
					"-Wall",
					"-std=c++11",
				);
				OTHER_LDFLAGS = (
					"-L/usr/local/opt/openssl/lib",
					"-Wl,-search_paths_first",
					"-Wl,-headerpad_max_install_names",
					"-lz",
					"-lssl",
					"-luv",
					"-luWS",
				);
				OTHER_REZFLAGS = "";
				PRODUCT_NAME = ExtendedKF;
				SECTORDER_FLAGS = "";
				SYMROOT = "/Users/shankschen/Documents/PythonProject/First-Term-Self-Driving-Car/P5-Extended-Kalman-Filters-Project/CarND-Extended-Kalman-Filter-Project/ide_profiles/xcode";
				USE_HEADERMAP = NO;
				WARNING_CFLAGS = (
					"-Wmost",
					"-Wno-four-char-constants",
					"-Wno-unknown-pragmas",
					"$(inherited)",
				);
			};
			name = RelWithDebInfo;
		};
/* End XCBuildConfiguration section */

/* Begin XCConfigurationList section */
		05AA95D75988416FA250E0FB /* Build configuration list for PBXNativeTarget "ExtendedKF" */ = {
			isa = XCConfigurationList;
			buildConfigurations = (
				438794AE055E4B4BBC6AB451 /* Debug */,
				B813469EF29F4BF79BE11424 /* Release */,
				AF2B2B7ADFD14ABC87C5F2E2 /* MinSizeRel */,
				FE444D6A521E4E6DBC1758CB /* RelWithDebInfo */,
			);
			defaultConfigurationIsVisible = 0;
			defaultConfigurationName = Debug;
		};
		516E10B3C54845A8AC6F050D /* Build configuration list for PBXAggregateTarget "ZERO_CHECK" */ = {
			isa = XCConfigurationList;
			buildConfigurations = (
				000830BFC38A45B7B1609504 /* Debug */,
				885D04D4000C4FF2BE0F21F2 /* Release */,
				DAD203D07E574E0A9668698B /* MinSizeRel */,
				7F5C015A1D1C473F8FCEDD05 /* RelWithDebInfo */,
			);
			defaultConfigurationIsVisible = 0;
			defaultConfigurationName = Debug;
		};
		8DC6CD00A0904EBBAE98D4B0 /* Build configuration list for PBXAggregateTarget "ALL_BUILD" */ = {
			isa = XCConfigurationList;
			buildConfigurations = (
				11EAF749FC1F440A880F73C3 /* Debug */,
				E3148010AF014B01A6969DAD /* Release */,
				513E8584B8B1403386969BBE /* MinSizeRel */,
				E8EB03642DAE42FCAC81BFDF /* RelWithDebInfo */,
			);
			defaultConfigurationIsVisible = 0;
			defaultConfigurationName = Debug;
		};
		BFE5D06A94DA4265ACE89E04 /* Build configuration list for PBXProject "ExtendedKF" */ = {
			isa = XCConfigurationList;
			buildConfigurations = (
				04AE8BE44B3B4BFF909DCDA6 /* Debug */,
				7B027C35561740FEB2F5D973 /* Release */,
				F2F28B8D716F4C129DC0AC43 /* MinSizeRel */,
				AD344AF7191845DC9D009E35 /* RelWithDebInfo */,
			);
			defaultConfigurationIsVisible = 0;
			defaultConfigurationName = Debug;
		};
/* End XCConfigurationList section */
	};
	rootObject = 9FEC4913B5B54103AF57D529 /* Project object */;
}
